
Microsoft Visual Studio Solution File, Format Version 12.00
# Visual Studio Version 16
VisualStudioVersion = 16.0.31005.135
MinimumVisualStudioVersion = 10.0.40219.1
Project("{FAE04EC0-301F-11D3-BF4B-00C04F79EFBC}") = "KeyboardOverlap.Forms.Plugin.iOSUnified", "KeyboardOverlap\KeyboardOverlap.Forms.Plugin.iOSUnified\KeyboardOverlap.Forms.Plugin.iOSUnified.csproj", "{BB864987-FD1A-4303-A4FC-B1F7E120E78D}"
EndProject
Global
	GlobalSection(SolutionConfigurationPlatforms) = preSolution
		Ad-Hoc|Android = Ad-Hoc|Android
		Ad-Hoc|iPhone = Ad-Hoc|iPhone
		Ad-Hoc|iPhoneSimulator = Ad-Hoc|iPhoneSimulator
		Ad-Hoc|Nuget = Ad-Hoc|Nuget
		Ad-Hoc|WinPhone = Ad-Hoc|WinPhone
		AppStore|Android = AppStore|Android
		AppStore|iPhone = AppStore|iPhone
		AppStore|iPhoneSimulator = AppStore|iPhoneSimulator
		AppStore|Nuget = AppStore|Nuget
		AppStore|WinPhone = AppStore|WinPhone
		Debug Win|Android = Debug Win|Android
		Debug Win|iPhone = Debug Win|iPhone
		Debug Win|iPhoneSimulator = Debug Win|iPhoneSimulator
		Debug Win|Nuget = Debug Win|Nuget
		Debug Win|WinPhone = Debug Win|WinPhone
		Debug|Android = Debug|Android
		Debug|iPhone = Debug|iPhone
		Debug|iPhoneSimulator = Debug|iPhoneSimulator
		Debug|Nuget = Debug|Nuget
		Debug|WinPhone = Debug|WinPhone
		Release|Android = Release|Android
		Release|iPhone = Release|iPhone
		Release|iPhoneSimulator = Release|iPhoneSimulator
		Release|Nuget = Release|Nuget
		Release|WinPhone = Release|WinPhone
		WinPhoneRelease|Android = WinPhoneRelease|Android
		WinPhoneRelease|iPhone = WinPhoneRelease|iPhone
		WinPhoneRelease|iPhoneSimulator = WinPhoneRelease|iPhoneSimulator
		WinPhoneRelease|Nuget = WinPhoneRelease|Nuget
		WinPhoneRelease|WinPhone = WinPhoneRelease|WinPhone
	EndGlobalSection
	GlobalSection(ProjectConfigurationPlatforms) = postSolution
		{BB864987-FD1A-4303-A4FC-B1F7E120E78D}.Ad-Hoc|Android.ActiveCfg = Release|Any CPU
		{BB864987-FD1A-4303-A4FC-B1F7E120E78D}.Ad-Hoc|Android.Build.0 = Release|Any CPU
		{BB864987-FD1A-4303-A4FC-B1F7E120E78D}.Ad-Hoc|iPhone.ActiveCfg = Release|Any CPU
		{BB864987-FD1A-4303-A4FC-B1F7E120E78D}.Ad-Hoc|iPhone.Build.0 = Release|Any CPU
		{BB864987-FD1A-4303-A4FC-B1F7E120E78D}.Ad-Hoc|iPhoneSimulator.ActiveCfg = Release|Any CPU
		{BB864987-FD1A-4303-A4FC-B1F7E120E78D}.Ad-Hoc|iPhoneSimulator.Build.0 = Release|Any CPU
		{BB864987-FD1A-4303-A4FC-B1F7E120E78D}.Ad-Hoc|Nuget.ActiveCfg = Release|Any CPU
		{BB864987-FD1A-4303-A4FC-B1F7E120E78D}.Ad-Hoc|Nuget.Build.0 = Release|Any CPU
		{BB864987-FD1A-4303-A4FC-B1F7E120E78D}.Ad-Hoc|WinPhone.ActiveCfg = Release|Any CPU
		{BB864987-FD1A-4303-A4FC-B1F7E120E78D}.Ad-Hoc|WinPhone.Build.0 = Release|Any CPU
		{BB864987-FD1A-4303-A4FC-B1F7E120E78D}.AppStore|Android.ActiveCfg = Release|Any CPU
		{BB864987-FD1A-4303-A4FC-B1F7E120E78D}.AppStore|Android.Build.0 = Release|Any CPU
		{BB864987-FD1A-4303-A4FC-B1F7E120E78D}.AppStore|iPhone.ActiveCfg = Release|Any CPU
		{BB864987-FD1A-4303-A4FC-B1F7E120E78D}.AppStore|iPhone.Build.0 = Release|Any CPU
		{BB864987-FD1A-4303-A4FC-B1F7E120E78D}.AppStore|iPhoneSimulator.ActiveCfg = Release|Any CPU
		{BB864987-FD1A-4303-A4FC-B1F7E120E78D}.AppStore|iPhoneSimulator.Build.0 = Release|Any CPU
		{BB864987-FD1A-4303-A4FC-B1F7E120E78D}.AppStore|Nuget.ActiveCfg = Release|Any CPU
		{BB864987-FD1A-4303-A4FC-B1F7E120E78D}.AppStore|Nuget.Build.0 = Release|Any CPU
		{BB864987-FD1A-4303-A4FC-B1F7E120E78D}.AppStore|WinPhone.ActiveCfg = Release|Any CPU
		{BB864987-FD1A-4303-A4FC-B1F7E120E78D}.AppStore|WinPhone.Build.0 = Release|Any CPU
		{BB864987-FD1A-4303-A4FC-B1F7E120E78D}.Debug Win|Android.ActiveCfg = Debug|Any CPU
		{BB864987-FD1A-4303-A4FC-B1F7E120E78D}.Debug Win|Android.Build.0 = Debug|Any CPU
		{BB864987-FD1A-4303-A4FC-B1F7E120E78D}.Debug Win|iPhone.ActiveCfg = Debug|Any CPU
		{BB864987-FD1A-4303-A4FC-B1F7E120E78D}.Debug Win|iPhone.Build.0 = Debug|Any CPU
		{BB864987-FD1A-4303-A4FC-B1F7E120E78D}.Debug Win|iPhoneSimulator.ActiveCfg = Debug|Any CPU
		{BB864987-FD1A-4303-A4FC-B1F7E120E78D}.Debug Win|iPhoneSimulator.Build.0 = Debug|Any CPU
		{BB864987-FD1A-4303-A4FC-B1F7E120E78D}.Debug Win|Nuget.ActiveCfg = Debug|Any CPU
		{BB864987-FD1A-4303-A4FC-B1F7E120E78D}.Debug Win|Nuget.Build.0 = Debug|Any CPU
		{BB864987-FD1A-4303-A4FC-B1F7E120E78D}.Debug Win|WinPhone.ActiveCfg = Debug|Any CPU
		{BB864987-FD1A-4303-A4FC-B1F7E120E78D}.Debug Win|WinPhone.Build.0 = Debug|Any CPU
		{BB864987-FD1A-4303-A4FC-B1F7E120E78D}.Debug|Android.ActiveCfg = Debug|Any CPU
		{BB864987-FD1A-4303-A4FC-B1F7E120E78D}.Debug|Android.Build.0 = Debug|Any CPU
		{BB864987-FD1A-4303-A4FC-B1F7E120E78D}.Debug|iPhone.ActiveCfg = Debug|Any CPU
		{BB864987-FD1A-4303-A4FC-B1F7E120E78D}.Debug|iPhone.Build.0 = Debug|Any CPU
		{BB864987-FD1A-4303-A4FC-B1F7E120E78D}.Debug|iPhoneSimulator.ActiveCfg = Debug|Any CPU
		{BB864987-FD1A-4303-A4FC-B1F7E120E78D}.Debug|iPhoneSimulator.Build.0 = Debug|Any CPU
		{BB864987-FD1A-4303-A4FC-B1F7E120E78D}.Debug|Nuget.ActiveCfg = Debug|Any CPU
		{BB864987-FD1A-4303-A4FC-B1F7E120E78D}.Debug|Nuget.Build.0 = Debug|Any CPU
		{BB864987-FD1A-4303-A4FC-B1F7E120E78D}.Debug|WinPhone.ActiveCfg = Debug|Any CPU
		{BB864987-FD1A-4303-A4FC-B1F7E120E78D}.Debug|WinPhone.Build.0 = Debug|Any CPU
		{BB864987-FD1A-4303-A4FC-B1F7E120E78D}.Release|Android.ActiveCfg = Release|Any CPU
		{BB864987-FD1A-4303-A4FC-B1F7E120E78D}.Release|Android.Build.0 = Release|Any CPU
		{BB864987-FD1A-4303-A4FC-B1F7E120E78D}.Release|iPhone.ActiveCfg = Release|Any CPU
		{BB864987-FD1A-4303-A4FC-B1F7E120E78D}.Release|iPhone.Build.0 = Release|Any CPU
		{BB864987-FD1A-4303-A4FC-B1F7E120E78D}.Release|iPhoneSimulator.ActiveCfg = Release|Any CPU
		{BB864987-FD1A-4303-A4FC-B1F7E120E78D}.Release|iPhoneSimulator.Build.0 = Release|Any CPU
		{BB864987-FD1A-4303-A4FC-B1F7E120E78D}.Release|Nuget.ActiveCfg = Release|Any CPU
		{BB864987-FD1A-4303-A4FC-B1F7E120E78D}.Release|Nuget.Build.0 = Release|Any CPU
		{BB864987-FD1A-4303-A4FC-B1F7E120E78D}.Release|WinPhone.ActiveCfg = Release|Any CPU
		{BB864987-FD1A-4303-A4FC-B1F7E120E78D}.Release|WinPhone.Build.0 = Release|Any CPU
		{BB864987-FD1A-4303-A4FC-B1F7E120E78D}.WinPhoneRelease|Android.ActiveCfg = Release|Any CPU
		{BB864987-FD1A-4303-A4FC-B1F7E120E78D}.WinPhoneRelease|Android.Build.0 = Release|Any CPU
		{BB864987-FD1A-4303-A4FC-B1F7E120E78D}.WinPhoneRelease|iPhone.ActiveCfg = Release|Any CPU
		{BB864987-FD1A-4303-A4FC-B1F7E120E78D}.WinPhoneRelease|iPhone.Build.0 = Release|Any CPU
		{BB864987-FD1A-4303-A4FC-B1F7E120E78D}.WinPhoneRelease|iPhoneSimulator.ActiveCfg = Release|Any CPU
		{BB864987-FD1A-4303-A4FC-B1F7E120E78D}.WinPhoneRelease|iPhoneSimulator.Build.0 = Release|Any CPU
		{BB864987-FD1A-4303-A4FC-B1F7E120E78D}.WinPhoneRelease|Nuget.ActiveCfg = Release|Any CPU
		{BB864987-FD1A-4303-A4FC-B1F7E120E78D}.WinPhoneRelease|Nuget.Build.0 = Release|Any CPU
		{BB864987-FD1A-4303-A4FC-B1F7E120E78D}.WinPhoneRelease|WinPhone.ActiveCfg = Release|Any CPU
		{BB864987-FD1A-4303-A4FC-B1F7E120E78D}.WinPhoneRelease|WinPhone.Build.0 = Release|Any CPU
	EndGlobalSection
	GlobalSection(SolutionProperties) = preSolution
		HideSolutionNode = FALSE
	EndGlobalSection
	GlobalSection(ExtensibilityGlobals) = postSolution
		SolutionGuid = {E053E34F-477C-4898-99F3-FDDE55EA9AB8}
	EndGlobalSection
EndGlobal
